github.com/KCkingcollin/go-help-func/ghf v0.0.0-20241216100302-e05161d1af5b h1:8AWWoprORtcE4gn0YAK63VX4TyrqdqFRfdL9i0g/daQ=
github.com/KCkingcollin/go-help-func/ghf v0.0.0-20241216100302-e05161d1af5b/go.mod h1:btKqlc+5xFrDs/hAQztWn3uOOy9AfZ6TPIgfEa5j3dQ=
github.com/KCkingcollin/go-help-func/glf v0.0.0-20241216103254-98e8826926ad h1:amcC+3aFMOJJ/zUyr0IrGZcCT6rhqw83RhI+AoTiA5s=
github.com/KCkingcollin/go-help-func/glf v0.0.0-20241216103254-98e8826926ad/go.mod h1:MgzH0VEb6VhexvbiN/UeciQGVFilqnlKW0mqRyohJN0=
github.com/go-gl/gl v0.0.0-20231021071112-07e5d0ea2e71 h1:5BVwOaUSBTlVZowGO6VZGw2H/zl9nrd3eCZfYV+NfQA=
github.com/go-gl/gl v0.0.0-20231021071112-07e5d0ea2e71/go.mod h1:9YTyiznxEY1fVinfM7RvRcjRHbw2xLBJ3AAGIT0I4Nw=
github.com/veandco/go-sdl2 v0.4.40 h1:fZv6wC3zz1Xt167P09gazawnpa0KY5LM7JAvKpX9d/U=
github.com/veandco/go-sdl2 v0.4.40/go.mod h1:OROqMhHD43nT4/i9crJukyVecjPNYYuCofep6SNiAjY=
